// !$*UTF8*$!
{
	archiveVersion = 1;
	classes = {
	};
	objectVersion = 56;
	objects = {

/* Begin PBXBuildFile section */
		5DCCD1610EE1A2DD6C9DDDFF /* Pods_CoinProject.framework in Frameworks */ = {isa = PBXBuildFile; fileRef = A43DD3DE36FBB2841AA36C88 /* Pods_CoinProject.framework */; };
		8735EA222A4D7A23001F7F6B /* HomePageDetailViewController.swift in Sources */ = {isa = PBXBuildFile; fileRef = 8735EA212A4D7A23001F7F6B /* HomePageDetailViewController.swift */; };
		876A4B322A51716800F0A4B2 /* ExchangeRate.swift in Sources */ = {isa = PBXBuildFile; fileRef = 876A4B312A51716800F0A4B2 /* ExchangeRate.swift */; };
		879417C32A54406100930F99 /* BuyViewController.swift in Sources */ = {isa = PBXBuildFile; fileRef = 879417C22A54406100930F99 /* BuyViewController.swift */; };
		879417C52A55391900930F99 /* OrderDetailViewController.swift in Sources */ = {isa = PBXBuildFile; fileRef = 879417C42A55391900930F99 /* OrderDetailViewController.swift */; };
		879417C72A554BA900930F99 /* PostApi.swift in Sources */ = {isa = PBXBuildFile; fileRef = 879417C62A554BA900930F99 /* PostApi.swift */; };
		879417CA2A5676D900930F99 /* WalletsViewController.swift in Sources */ = {isa = PBXBuildFile; fileRef = 879417C92A5676D900930F99 /* WalletsViewController.swift */; };
		879417CC2A56770C00930F99 /* OrderHistoryViewController.swift in Sources */ = {isa = PBXBuildFile; fileRef = 879417CB2A56770C00930F99 /* OrderHistoryViewController.swift */; };
		879417CE2A5677F100930F99 /* CurrencySelectorViewController.swift in Sources */ = {isa = PBXBuildFile; fileRef = 879417CD2A5677F100930F99 /* CurrencySelectorViewController.swift */; };
		879417D02A568DA000930F99 /* WalletTableViewCell.swift in Sources */ = {isa = PBXBuildFile; fileRef = 879417CF2A568DA000930F99 /* WalletTableViewCell.swift */; };
		879417D22A568F3900930F99 /* OrderHistoryTableViewCell.swift in Sources */ = {isa = PBXBuildFile; fileRef = 879417D12A568F3900930F99 /* OrderHistoryTableViewCell.swift */; };
		879417D42A568F6F00930F99 /* CurrencyTypeTableViewCell.swift in Sources */ = {isa = PBXBuildFile; fileRef = 879417D32A568F6F00930F99 /* CurrencyTypeTableViewCell.swift */; };
		879417D72A57A62600930F99 /* ProfileViewController.swift in Sources */ = {isa = PBXBuildFile; fileRef = 879417D62A57A62600930F99 /* ProfileViewController.swift */; };
		879417D92A5A9EEF00930F99 /* OrderInfoViewController.swift in Sources */ = {isa = PBXBuildFile; fileRef = 879417D82A5A9EEF00930F99 /* OrderInfoViewController.swift */; };
		879BF1212A4DC2D100F879CF /* ChartViewTableViewCell.swift in Sources */ = {isa = PBXBuildFile; fileRef = 879BF1202A4DC2D100F879CF /* ChartViewTableViewCell.swift */; };
		879BF1232A4DC2E500F879CF /* RecordTableViewCell.swift in Sources */ = {isa = PBXBuildFile; fileRef = 879BF1222A4DC2E500F879CF /* RecordTableViewCell.swift */; };
		87DB28982A504EB5000E17A4 /* ProductStats.swift in Sources */ = {isa = PBXBuildFile; fileRef = 87DB28902A504EB4000E17A4 /* ProductStats.swift */; };
		87DB28992A504EB5000E17A4 /* CurrencyInfo.swift in Sources */ = {isa = PBXBuildFile; fileRef = 87DB28912A504EB4000E17A4 /* CurrencyInfo.swift */; };
		87DB289A2A504EB5000E17A4 /* TickerMessage.swift in Sources */ = {isa = PBXBuildFile; fileRef = 87DB28922A504EB4000E17A4 /* TickerMessage.swift */; };
		87DB289B2A504EB5000E17A4 /* Orders.swift in Sources */ = {isa = PBXBuildFile; fileRef = 87DB28932A504EB4000E17A4 /* Orders.swift */; };
		87DB289C2A504EB5000E17A4 /* Account.swift in Sources */ = {isa = PBXBuildFile; fileRef = 87DB28942A504EB4000E17A4 /* Account.swift */; };
		87DB289D2A504EB5000E17A4 /* Profile.swift in Sources */ = {isa = PBXBuildFile; fileRef = 87DB28952A504EB4000E17A4 /* Profile.swift */; };
		87DB289F2A504EB5000E17A4 /* CurrencyPair.swift in Sources */ = {isa = PBXBuildFile; fileRef = 87DB28972A504EB5000E17A4 /* CurrencyPair.swift */; };
		87DB28A52A504F0D000E17A4 /* Constants.swift in Sources */ = {isa = PBXBuildFile; fileRef = 87DB28A12A504F0D000E17A4 /* Constants.swift */; };
		87DB28A62A504F0D000E17A4 /* CoinbaseService.swift in Sources */ = {isa = PBXBuildFile; fileRef = 87DB28A22A504F0D000E17A4 /* CoinbaseService.swift */; };
		87DB28A72A504F0D000E17A4 /* CoinbaseService+Helpers.swift in Sources */ = {isa = PBXBuildFile; fileRef = 87DB28A32A504F0D000E17A4 /* CoinbaseService+Helpers.swift */; };
		87DB28A82A504F0D000E17A4 /* WebsocketService.swift in Sources */ = {isa = PBXBuildFile; fileRef = 87DB28A42A504F0D000E17A4 /* WebsocketService.swift */; };
		87F812822A4C278D0067145D /* AppDelegate.swift in Sources */ = {isa = PBXBuildFile; fileRef = 87F812812A4C278D0067145D /* AppDelegate.swift */; };
		87F812842A4C278D0067145D /* SceneDelegate.swift in Sources */ = {isa = PBXBuildFile; fileRef = 87F812832A4C278D0067145D /* SceneDelegate.swift */; };
		87F812862A4C278D0067145D /* ViewController.swift in Sources */ = {isa = PBXBuildFile; fileRef = 87F812852A4C278D0067145D /* ViewController.swift */; };
		87F812892A4C278D0067145D /* Main.storyboard in Resources */ = {isa = PBXBuildFile; fileRef = 87F812872A4C278D0067145D /* Main.storyboard */; };
		87F8128C2A4C278D0067145D /* CoinProject.xcdatamodeld in Sources */ = {isa = PBXBuildFile; fileRef = 87F8128A2A4C278D0067145D /* CoinProject.xcdatamodeld */; };
		87F8128E2A4C27900067145D /* Assets.xcassets in Resources */ = {isa = PBXBuildFile; fileRef = 87F8128D2A4C27900067145D /* Assets.xcassets */; };
		87F812912A4C27900067145D /* LaunchScreen.storyboard in Resources */ = {isa = PBXBuildFile; fileRef = 87F8128F2A4C27900067145D /* LaunchScreen.storyboard */; };
		87F8129B2A4C2EE70067145D /* ApiKeys.swift in Sources */ = {isa = PBXBuildFile; fileRef = 87F8129A2A4C2EE70067145D /* ApiKeys.swift */; };
		87F8129E2A4C397B0067145D /* ImageTableViewCell.swift in Sources */ = {isa = PBXBuildFile; fileRef = 87F8129D2A4C397B0067145D /* ImageTableViewCell.swift */; };
		87F812A22A4C400A0067145D /* CoinTableViewCell.swift in Sources */ = {isa = PBXBuildFile; fileRef = 87F812A12A4C400A0067145D /* CoinTableViewCell.swift */; };
		87F812A42A4C416C0067145D /* ImageCollectionViewCell.swift in Sources */ = {isa = PBXBuildFile; fileRef = 87F812A32A4C416C0067145D /* ImageCollectionViewCell.swift */; };
/* End PBXBuildFile section */

/* Begin PBXFileReference section */
		7AC025A67CB67E2934301046 /* Pods-CoinProject.debug.xcconfig */ = {isa = PBXFileReference; includeInIndex = 1; lastKnownFileType = text.xcconfig; name = "Pods-CoinProject.debug.xcconfig"; path = "Target Support Files/Pods-CoinProject/Pods-CoinProject.debug.xcconfig"; sourceTree = "<group>"; };
		8735EA212A4D7A23001F7F6B /* HomePageDetailViewController.swift */ = {isa = PBXFileReference; lastKnownFileType = sourcecode.swift; path = HomePageDetailViewController.swift; sourceTree = "<group>"; };
		876A4B312A51716800F0A4B2 /* ExchangeRate.swift */ = {isa = PBXFileReference; lastKnownFileType = sourcecode.swift; path = ExchangeRate.swift; sourceTree = "<group>"; };
		879417C22A54406100930F99 /* BuyViewController.swift */ = {isa = PBXFileReference; lastKnownFileType = sourcecode.swift; path = BuyViewController.swift; sourceTree = "<group>"; };
		879417C42A55391900930F99 /* OrderDetailViewController.swift */ = {isa = PBXFileReference; lastKnownFileType = sourcecode.swift; path = OrderDetailViewController.swift; sourceTree = "<group>"; };
		879417C62A554BA900930F99 /* PostApi.swift */ = {isa = PBXFileReference; lastKnownFileType = sourcecode.swift; path = PostApi.swift; sourceTree = "<group>"; };
		879417C92A5676D900930F99 /* WalletsViewController.swift */ = {isa = PBXFileReference; lastKnownFileType = sourcecode.swift; path = WalletsViewController.swift; sourceTree = "<group>"; };
		879417CB2A56770C00930F99 /* OrderHistoryViewController.swift */ = {isa = PBXFileReference; lastKnownFileType = sourcecode.swift; path = OrderHistoryViewController.swift; sourceTree = "<group>"; };
		879417CD2A5677F100930F99 /* CurrencySelectorViewController.swift */ = {isa = PBXFileReference; lastKnownFileType = sourcecode.swift; path = CurrencySelectorViewController.swift; sourceTree = "<group>"; };
		879417CF2A568DA000930F99 /* WalletTableViewCell.swift */ = {isa = PBXFileReference; lastKnownFileType = sourcecode.swift; path = WalletTableViewCell.swift; sourceTree = "<group>"; };
		879417D12A568F3900930F99 /* OrderHistoryTableViewCell.swift */ = {isa = PBXFileReference; lastKnownFileType = sourcecode.swift; path = OrderHistoryTableViewCell.swift; sourceTree = "<group>"; };
		879417D32A568F6F00930F99 /* CurrencyTypeTableViewCell.swift */ = {isa = PBXFileReference; lastKnownFileType = sourcecode.swift; path = CurrencyTypeTableViewCell.swift; sourceTree = "<group>"; };
		879417D62A57A62600930F99 /* ProfileViewController.swift */ = {isa = PBXFileReference; lastKnownFileType = sourcecode.swift; path = ProfileViewController.swift; sourceTree = "<group>"; };
		879417D82A5A9EEF00930F99 /* OrderInfoViewController.swift */ = {isa = PBXFileReference; lastKnownFileType = sourcecode.swift; path = OrderInfoViewController.swift; sourceTree = "<group>"; };
		879BF1202A4DC2D100F879CF /* ChartViewTableViewCell.swift */ = {isa = PBXFileReference; lastKnownFileType = sourcecode.swift; path = ChartViewTableViewCell.swift; sourceTree = "<group>"; };
		879BF1222A4DC2E500F879CF /* RecordTableViewCell.swift */ = {isa = PBXFileReference; lastKnownFileType = sourcecode.swift; path = RecordTableViewCell.swift; sourceTree = "<group>"; };
		87DB28902A504EB4000E17A4 /* ProductStats.swift */ = {isa = PBXFileReference; fileEncoding = 4; lastKnownFileType = sourcecode.swift; path = ProductStats.swift; sourceTree = "<group>"; };
		87DB28912A504EB4000E17A4 /* CurrencyInfo.swift */ = {isa = PBXFileReference; fileEncoding = 4; lastKnownFileType = sourcecode.swift; path = CurrencyInfo.swift; sourceTree = "<group>"; };
		87DB28922A504EB4000E17A4 /* TickerMessage.swift */ = {isa = PBXFileReference; fileEncoding = 4; lastKnownFileType = sourcecode.swift; path = TickerMessage.swift; sourceTree = "<group>"; };
		87DB28932A504EB4000E17A4 /* Orders.swift */ = {isa = PBXFileReference; fileEncoding = 4; lastKnownFileType = sourcecode.swift; path = Orders.swift; sourceTree = "<group>"; };
		87DB28942A504EB4000E17A4 /* Account.swift */ = {isa = PBXFileReference; fileEncoding = 4; lastKnownFileType = sourcecode.swift; path = Account.swift; sourceTree = "<group>"; };
		87DB28952A504EB4000E17A4 /* Profile.swift */ = {isa = PBXFileReference; fileEncoding = 4; lastKnownFileType = sourcecode.swift; path = Profile.swift; sourceTree = "<group>"; };
		87DB28972A504EB5000E17A4 /* CurrencyPair.swift */ = {isa = PBXFileReference; fileEncoding = 4; lastKnownFileType = sourcecode.swift; path = CurrencyPair.swift; sourceTree = "<group>"; };
		87DB28A12A504F0D000E17A4 /* Constants.swift */ = {isa = PBXFileReference; fileEncoding = 4; lastKnownFileType = sourcecode.swift; path = Constants.swift; sourceTree = "<group>"; };
		87DB28A22A504F0D000E17A4 /* CoinbaseService.swift */ = {isa = PBXFileReference; fileEncoding = 4; lastKnownFileType = sourcecode.swift; path = CoinbaseService.swift; sourceTree = "<group>"; };
		87DB28A32A504F0D000E17A4 /* CoinbaseService+Helpers.swift */ = {isa = PBXFileReference; fileEncoding = 4; lastKnownFileType = sourcecode.swift; path = "CoinbaseService+Helpers.swift"; sourceTree = "<group>"; };
		87DB28A42A504F0D000E17A4 /* WebsocketService.swift */ = {isa = PBXFileReference; fileEncoding = 4; lastKnownFileType = sourcecode.swift; path = WebsocketService.swift; sourceTree = "<group>"; };
		87F8127E2A4C278D0067145D /* CoinProject.app */ = {isa = PBXFileReference; explicitFileType = wrapper.application; includeInIndex = 0; path = CoinProject.app; sourceTree = BUILT_PRODUCTS_DIR; };
		87F812812A4C278D0067145D /* AppDelegate.swift */ = {isa = PBXFileReference; lastKnownFileType = sourcecode.swift; path = AppDelegate.swift; sourceTree = "<group>"; };
		87F812832A4C278D0067145D /* SceneDelegate.swift */ = {isa = PBXFileReference; lastKnownFileType = sourcecode.swift; path = SceneDelegate.swift; sourceTree = "<group>"; };
		87F812852A4C278D0067145D /* ViewController.swift */ = {isa = PBXFileReference; lastKnownFileType = sourcecode.swift; path = ViewController.swift; sourceTree = "<group>"; };
		87F812882A4C278D0067145D /* Base */ = {isa = PBXFileReference; lastKnownFileType = file.storyboard; name = Base; path = Base.lproj/Main.storyboard; sourceTree = "<group>"; };
		87F8128B2A4C278D0067145D /* CoinProject.xcdatamodel */ = {isa = PBXFileReference; lastKnownFileType = wrapper.xcdatamodel; path = CoinProject.xcdatamodel; sourceTree = "<group>"; };
		87F8128D2A4C27900067145D /* Assets.xcassets */ = {isa = PBXFileReference; lastKnownFileType = folder.assetcatalog; path = Assets.xcassets; sourceTree = "<group>"; };
		87F812902A4C27900067145D /* Base */ = {isa = PBXFileReference; lastKnownFileType = file.storyboard; name = Base; path = Base.lproj/LaunchScreen.storyboard; sourceTree = "<group>"; };
		87F812922A4C27900067145D /* Info.plist */ = {isa = PBXFileReference; lastKnownFileType = text.plist.xml; path = Info.plist; sourceTree = "<group>"; };
		87F8129A2A4C2EE70067145D /* ApiKeys.swift */ = {isa = PBXFileReference; lastKnownFileType = sourcecode.swift; path = ApiKeys.swift; sourceTree = "<group>"; };
		87F8129D2A4C397B0067145D /* ImageTableViewCell.swift */ = {isa = PBXFileReference; lastKnownFileType = sourcecode.swift; path = ImageTableViewCell.swift; sourceTree = "<group>"; };
		87F812A12A4C400A0067145D /* CoinTableViewCell.swift */ = {isa = PBXFileReference; lastKnownFileType = sourcecode.swift; path = CoinTableViewCell.swift; sourceTree = "<group>"; };
		87F812A32A4C416C0067145D /* ImageCollectionViewCell.swift */ = {isa = PBXFileReference; lastKnownFileType = sourcecode.swift; path = ImageCollectionViewCell.swift; sourceTree = "<group>"; };
		A43DD3DE36FBB2841AA36C88 /* Pods_CoinProject.framework */ = {isa = PBXFileReference; explicitFileType = wrapper.framework; includeInIndex = 0; path = Pods_CoinProject.framework; sourceTree = BUILT_PRODUCTS_DIR; };
		D5A6691D04FEDCE19E98F61B /* Pods-CoinProject.release.xcconfig */ = {isa = PBXFileReference; includeInIndex = 1; lastKnownFileType = text.xcconfig; name = "Pods-CoinProject.release.xcconfig"; path = "Target Support Files/Pods-CoinProject/Pods-CoinProject.release.xcconfig"; sourceTree = "<group>"; };
/* End PBXFileReference section */

/* Begin PBXFrameworksBuildPhase section */
		87F8127B2A4C278D0067145D /* Frameworks */ = {
			isa = PBXFrameworksBuildPhase;
			buildActionMask = 2147483647;
			files = (
				5DCCD1610EE1A2DD6C9DDDFF /* Pods_CoinProject.framework in Frameworks */,
			);
			runOnlyForDeploymentPostprocessing = 0;
		};
/* End PBXFrameworksBuildPhase section */

/* Begin PBXGroup section */
		56A91EE2AAF945BDDAE4B907 /* Pods */ = {
			isa = PBXGroup;
			children = (
				7AC025A67CB67E2934301046 /* Pods-CoinProject.debug.xcconfig */,
				D5A6691D04FEDCE19E98F61B /* Pods-CoinProject.release.xcconfig */,
			);
			path = Pods;
			sourceTree = "<group>";
		};
		879417C82A56768400930F99 /* Wallet */ = {
			isa = PBXGroup;
			children = (
				879417C92A5676D900930F99 /* WalletsViewController.swift */,
				879417CB2A56770C00930F99 /* OrderHistoryViewController.swift */,
				879417CD2A5677F100930F99 /* CurrencySelectorViewController.swift */,
				879417CF2A568DA000930F99 /* WalletTableViewCell.swift */,
				879417D12A568F3900930F99 /* OrderHistoryTableViewCell.swift */,
				879417D32A568F6F00930F99 /* CurrencyTypeTableViewCell.swift */,
				879417D82A5A9EEF00930F99 /* OrderInfoViewController.swift */,
			);
			path = Wallet;
			sourceTree = "<group>";
		};
		879417D52A57A5DE00930F99 /* profile */ = {
			isa = PBXGroup;
			children = (
				879417D62A57A62600930F99 /* ProfileViewController.swift */,
			);
			path = profile;
			sourceTree = "<group>";
		};
		87DB288F2A504E86000E17A4 /* Model */ = {
			isa = PBXGroup;
			children = (
				87DB28942A504EB4000E17A4 /* Account.swift */,
				87DB28912A504EB4000E17A4 /* CurrencyInfo.swift */,
				87DB28972A504EB5000E17A4 /* CurrencyPair.swift */,
				87DB28932A504EB4000E17A4 /* Orders.swift */,
				87DB28902A504EB4000E17A4 /* ProductStats.swift */,
				87DB28952A504EB4000E17A4 /* Profile.swift */,
				87DB28922A504EB4000E17A4 /* TickerMessage.swift */,
				876A4B312A51716800F0A4B2 /* ExchangeRate.swift */,
			);
			path = Model;
			sourceTree = "<group>";
		};
		87DB28A02A504EEE000E17A4 /* Manager */ = {
			isa = PBXGroup;
			children = (
				87DB28A22A504F0D000E17A4 /* CoinbaseService.swift */,
				87DB28A32A504F0D000E17A4 /* CoinbaseService+Helpers.swift */,
				87DB28A12A504F0D000E17A4 /* Constants.swift */,
				87DB28A42A504F0D000E17A4 /* WebsocketService.swift */,
				879417C62A554BA900930F99 /* PostApi.swift */,
			);
			path = Manager;
			sourceTree = "<group>";
		};
		87F812752A4C278D0067145D = {
			isa = PBXGroup;
			children = (
				87F812802A4C278D0067145D /* CoinProject */,
				87F8127F2A4C278D0067145D /* Products */,
				56A91EE2AAF945BDDAE4B907 /* Pods */,
				C2BC580F790A903AE737AF46 /* Frameworks */,
			);
			sourceTree = "<group>";
		};
		87F8127F2A4C278D0067145D /* Products */ = {
			isa = PBXGroup;
			children = (
				87F8127E2A4C278D0067145D /* CoinProject.app */,
			);
			name = Products;
			sourceTree = "<group>";
		};
		87F812802A4C278D0067145D /* CoinProject */ = {
			isa = PBXGroup;
			children = (
				879417D52A57A5DE00930F99 /* profile */,
				879417C82A56768400930F99 /* Wallet */,
				87DB28A02A504EEE000E17A4 /* Manager */,
				87DB288F2A504E86000E17A4 /* Model */,
				87F8129C2A4C391B0067145D /* HomePage */,
				87F812812A4C278D0067145D /* AppDelegate.swift */,
				87F812832A4C278D0067145D /* SceneDelegate.swift */,
				87F812872A4C278D0067145D /* Main.storyboard */,
				87F8128D2A4C27900067145D /* Assets.xcassets */,
				87F8128F2A4C27900067145D /* LaunchScreen.storyboard */,
				87F812922A4C27900067145D /* Info.plist */,
				87F8128A2A4C278D0067145D /* CoinProject.xcdatamodeld */,
				87F8129A2A4C2EE70067145D /* ApiKeys.swift */,
			);
			path = CoinProject;
			sourceTree = "<group>";
		};
		87F8129C2A4C391B0067145D /* HomePage */ = {
			isa = PBXGroup;
			children = (
				87F8129D2A4C397B0067145D /* ImageTableViewCell.swift */,
				87F812852A4C278D0067145D /* ViewController.swift */,
				87F812A12A4C400A0067145D /* CoinTableViewCell.swift */,
				87F812A32A4C416C0067145D /* ImageCollectionViewCell.swift */,
				8735EA212A4D7A23001F7F6B /* HomePageDetailViewController.swift */,
				879BF1202A4DC2D100F879CF /* ChartViewTableViewCell.swift */,
				879BF1222A4DC2E500F879CF /* RecordTableViewCell.swift */,
				879417C22A54406100930F99 /* BuyViewController.swift */,
				879417C42A55391900930F99 /* OrderDetailViewController.swift */,
			);
			path = HomePage;
			sourceTree = "<group>";
		};
		C2BC580F790A903AE737AF46 /* Frameworks */ = {
			isa = PBXGroup;
			children = (
				A43DD3DE36FBB2841AA36C88 /* Pods_CoinProject.framework */,
			);
			name = Frameworks;
			sourceTree = "<group>";
		};
/* End PBXGroup section */

/* Begin PBXNativeTarget section */
		87F8127D2A4C278D0067145D /* CoinProject */ = {
			isa = PBXNativeTarget;
			buildConfigurationList = 87F812952A4C27900067145D /* Build configuration list for PBXNativeTarget "CoinProject" */;
			buildPhases = (
				BCCAD1076021590951BA5CBB /* [CP] Check Pods Manifest.lock */,
				87F8127A2A4C278D0067145D /* Sources */,
				87F8127B2A4C278D0067145D /* Frameworks */,
				87F8127C2A4C278D0067145D /* Resources */,
				93B226F735DAEFD5860891CB /* [CP] Embed Pods Frameworks */,
			);
			buildRules = (
			);
			dependencies = (
			);
			name = CoinProject;
			productName = CoinProject;
			productReference = 87F8127E2A4C278D0067145D /* CoinProject.app */;
			productType = "com.apple.product-type.application";
		};
/* End PBXNativeTarget section */

/* Begin PBXProject section */
		87F812762A4C278D0067145D /* Project object */ = {
			isa = PBXProject;
			attributes = {
				BuildIndependentTargetsInParallel = 1;
				LastSwiftUpdateCheck = 1430;
				LastUpgradeCheck = 1430;
				TargetAttributes = {
					87F8127D2A4C278D0067145D = {
						CreatedOnToolsVersion = 14.3;
					};
				};
			};
			buildConfigurationList = 87F812792A4C278D0067145D /* Build configuration list for PBXProject "CoinProject" */;
			compatibilityVersion = "Xcode 14.0";
			developmentRegion = en;
			hasScannedForEncodings = 0;
			knownRegions = (
				en,
				Base,
			);
			mainGroup = 87F812752A4C278D0067145D;
			productRefGroup = 87F8127F2A4C278D0067145D /* Products */;
			projectDirPath = "";
			projectRoot = "";
			targets = (
				87F8127D2A4C278D0067145D /* CoinProject */,
			);
		};
/* End PBXProject section */

/* Begin PBXResourcesBuildPhase section */
		87F8127C2A4C278D0067145D /* Resources */ = {
			isa = PBXResourcesBuildPhase;
			buildActionMask = 2147483647;
			files = (
				87F812912A4C27900067145D /* LaunchScreen.storyboard in Resources */,
				87F8128E2A4C27900067145D /* Assets.xcassets in Resources */,
				87F812892A4C278D0067145D /* Main.storyboard in Resources */,
			);
			runOnlyForDeploymentPostprocessing = 0;
		};
/* End PBXResourcesBuildPhase section */

/* Begin PBXShellScriptBuildPhase section */
		93B226F735DAEFD5860891CB /* [CP] Embed Pods Frameworks */ = {
			isa = PBXShellScriptBuildPhase;
			buildActionMask = 2147483647;
			files = (
			);
			inputFileListPaths = (
				"${PODS_ROOT}/Target Support Files/Pods-CoinProject/Pods-CoinProject-frameworks-${CONFIGURATION}-input-files.xcfilelist",
			);
			name = "[CP] Embed Pods Frameworks";
			outputFileListPaths = (
				"${PODS_ROOT}/Target Support Files/Pods-CoinProject/Pods-CoinProject-frameworks-${CONFIGURATION}-output-files.xcfilelist",
			);
			runOnlyForDeploymentPostprocessing = 0;
			shellPath = /bin/sh;
			shellScript = "\"${PODS_ROOT}/Target Support Files/Pods-CoinProject/Pods-CoinProject-frameworks.sh\"\n";
			showEnvVarsInLog = 0;
		};
		BCCAD1076021590951BA5CBB /* [CP] Check Pods Manifest.lock */ = {
			isa = PBXShellScriptBuildPhase;
			buildActionMask = 2147483647;
			files = (
			);
			inputFileListPaths = (
			);
			inputPaths = (
				"${PODS_PODFILE_DIR_PATH}/Podfile.lock",
				"${PODS_ROOT}/Manifest.lock",
			);
			name = "[CP] Check Pods Manifest.lock";
			outputFileListPaths = (
			);
			outputPaths = (
				"$(DERIVED_FILE_DIR)/Pods-CoinProject-checkManifestLockResult.txt",
			);
			runOnlyForDeploymentPostprocessing = 0;
			shellPath = /bin/sh;
			shellScript = "diff \"${PODS_PODFILE_DIR_PATH}/Podfile.lock\" \"${PODS_ROOT}/Manifest.lock\" > /dev/null\nif [ $? != 0 ] ; then\n    # print error to STDERR\n    echo \"error: The sandbox is not in sync with the Podfile.lock. Run 'pod install' or update your CocoaPods installation.\" >&2\n    exit 1\nfi\n# This output is used by Xcode 'outputs' to avoid re-running this script phase.\necho \"SUCCESS\" > \"${SCRIPT_OUTPUT_FILE_0}\"\n";
			showEnvVarsInLog = 0;
		};
/* End PBXShellScriptBuildPhase section */

/* Begin PBXSourcesBuildPhase section */
		87F8127A2A4C278D0067145D /* Sources */ = {
			isa = PBXSourcesBuildPhase;
			buildActionMask = 2147483647;
			files = (
				879417CE2A5677F100930F99 /* CurrencySelectorViewController.swift in Sources */,
				87DB289D2A504EB5000E17A4 /* Profile.swift in Sources */,
				876A4B322A51716800F0A4B2 /* ExchangeRate.swift in Sources */,
				879417D92A5A9EEF00930F99 /* OrderInfoViewController.swift in Sources */,
				87F8128C2A4C278D0067145D /* CoinProject.xcdatamodeld in Sources */,
				879417C52A55391900930F99 /* OrderDetailViewController.swift in Sources */,
				87DB289A2A504EB5000E17A4 /* TickerMessage.swift in Sources */,
				879417D72A57A62600930F99 /* ProfileViewController.swift in Sources */,
				879417D22A568F3900930F99 /* OrderHistoryTableViewCell.swift in Sources */,
				87DB28982A504EB5000E17A4 /* ProductStats.swift in Sources */,
				879417CA2A5676D900930F99 /* WalletsViewController.swift in Sources */,
				87F812862A4C278D0067145D /* ViewController.swift in Sources */,
				879417D42A568F6F00930F99 /* CurrencyTypeTableViewCell.swift in Sources */,
				87DB28A62A504F0D000E17A4 /* CoinbaseService.swift in Sources */,
				87F812A42A4C416C0067145D /* ImageCollectionViewCell.swift in Sources */,
				87DB289C2A504EB5000E17A4 /* Account.swift in Sources */,
				87DB28992A504EB5000E17A4 /* CurrencyInfo.swift in Sources */,
				87F812822A4C278D0067145D /* AppDelegate.swift in Sources */,
				87F8129E2A4C397B0067145D /* ImageTableViewCell.swift in Sources */,
				87DB289F2A504EB5000E17A4 /* CurrencyPair.swift in Sources */,
				879BF1212A4DC2D100F879CF /* ChartViewTableViewCell.swift in Sources */,
				879417CC2A56770C00930F99 /* OrderHistoryViewController.swift in Sources */,
				87DB289B2A504EB5000E17A4 /* Orders.swift in Sources */,
				87DB28A72A504F0D000E17A4 /* CoinbaseService+Helpers.swift in Sources */,
				87DB28A82A504F0D000E17A4 /* WebsocketService.swift in Sources */,
				879417C32A54406100930F99 /* BuyViewController.swift in Sources */,
				879BF1232A4DC2E500F879CF /* RecordTableViewCell.swift in Sources */,
				87DB28A52A504F0D000E17A4 /* Constants.swift in Sources */,
				879417D02A568DA000930F99 /* WalletTableViewCell.swift in Sources */,
				87F812842A4C278D0067145D /* SceneDelegate.swift in Sources */,
				8735EA222A4D7A23001F7F6B /* HomePageDetailViewController.swift in Sources */,
				87F8129B2A4C2EE70067145D /* ApiKeys.swift in Sources */,
				879417C72A554BA900930F99 /* PostApi.swift in Sources */,
				87F812A22A4C400A0067145D /* CoinTableViewCell.swift in Sources */,
			);
			runOnlyForDeploymentPostprocessing = 0;
		};
/* End PBXSourcesBuildPhase section */

/* Begin PBXVariantGroup section */
		87F812872A4C278D0067145D /* Main.storyboard */ = {
			isa = PBXVariantGroup;
			children = (
				87F812882A4C278D0067145D /* Base */,
			);
			name = Main.storyboard;
			sourceTree = "<group>";
		};
		87F8128F2A4C27900067145D /* LaunchScreen.storyboard */ = {
			isa = PBXVariantGroup;
			children = (
				87F812902A4C27900067145D /* Base */,
			);
			name = LaunchScreen.storyboard;
			sourceTree = "<group>";
		};
/* End PBXVariantGroup section */

/* Begin XCBuildConfiguration section */
		87F812932A4C27900067145D /* Debug */ = {
			isa = XCBuildConfiguration;
			buildSettings = {
				ALWAYS_SEARCH_USER_PATHS = NO;
				CLANG_ANALYZER_NONNULL = YES;
				CLANG_ANALYZER_NUMBER_OBJECT_CONVERSION = YES_AGGRESSIVE;
				CLANG_CXX_LANGUAGE_STANDARD = "gnu++20";
				CLANG_ENABLE_MODULES = YES;
				CLANG_ENABLE_OBJC_ARC = YES;
				CLANG_ENABLE_OBJC_WEAK = YES;
				CLANG_WARN_BLOCK_CAPTURE_AUTORELEASING = YES;
				CLANG_WARN_BOOL_CONVERSION = YES;
				CLANG_WARN_COMMA = YES;
				CLANG_WARN_CONSTANT_CONVERSION = YES;
				CLANG_WARN_DEPRECATED_OBJC_IMPLEMENTATIONS = YES;
				CLANG_WARN_DIRECT_OBJC_ISA_USAGE = YES_ERROR;
				CLANG_WARN_DOCUMENTATION_COMMENTS = YES;
				CLANG_WARN_EMPTY_BODY = YES;
				CLANG_WARN_ENUM_CONVERSION = YES;
				CLANG_WARN_INFINITE_RECURSION = YES;
				CLANG_WARN_INT_CONVERSION = YES;
				CLANG_WARN_NON_LITERAL_NULL_CONVERSION = YES;
				CLANG_WARN_OBJC_IMPLICIT_RETAIN_SELF = YES;
				CLANG_WARN_OBJC_LITERAL_CONVERSION = YES;
				CLANG_WARN_OBJC_ROOT_CLASS = YES_ERROR;
				CLANG_WARN_QUOTED_INCLUDE_IN_FRAMEWORK_HEADER = YES;
				CLANG_WARN_RANGE_LOOP_ANALYSIS = YES;
				CLANG_WARN_STRICT_PROTOTYPES = YES;
				CLANG_WARN_SUSPICIOUS_MOVE = YES;
				CLANG_WARN_UNGUARDED_AVAILABILITY = YES_AGGRESSIVE;
				CLANG_WARN_UNREACHABLE_CODE = YES;
				CLANG_WARN__DUPLICATE_METHOD_MATCH = YES;
				COPY_PHASE_STRIP = NO;
				DEBUG_INFORMATION_FORMAT = dwarf;
				ENABLE_STRICT_OBJC_MSGSEND = YES;
				ENABLE_TESTABILITY = YES;
				GCC_C_LANGUAGE_STANDARD = gnu11;
				GCC_DYNAMIC_NO_PIC = NO;
				GCC_NO_COMMON_BLOCKS = YES;
				GCC_OPTIMIZATION_LEVEL = 0;
				GCC_PREPROCESSOR_DEFINITIONS = (
					"DEBUG=1",
					"$(inherited)",
				);
				GCC_WARN_64_TO_32_BIT_CONVERSION = YES;
				GCC_WARN_ABOUT_RETURN_TYPE = YES_ERROR;
				GCC_WARN_UNDECLARED_SELECTOR = YES;
				GCC_WARN_UNINITIALIZED_AUTOS = YES_AGGRESSIVE;
				GCC_WARN_UNUSED_FUNCTION = YES;
				GCC_WARN_UNUSED_VARIABLE = YES;
				IPHONEOS_DEPLOYMENT_TARGET = 16.4;
				MTL_ENABLE_DEBUG_INFO = INCLUDE_SOURCE;
				MTL_FAST_MATH = YES;
				ONLY_ACTIVE_ARCH = YES;
				SDKROOT = iphoneos;
				SWIFT_ACTIVE_COMPILATION_CONDITIONS = DEBUG;
				SWIFT_OPTIMIZATION_LEVEL = "-Onone";
			};
			name = Debug;
		};
		87F812942A4C27900067145D /* Release */ = {
			isa = XCBuildConfiguration;
			buildSettings = {
				ALWAYS_SEARCH_USER_PATHS = NO;
				CLANG_ANALYZER_NONNULL = YES;
				CLANG_ANALYZER_NUMBER_OBJECT_CONVERSION = YES_AGGRESSIVE;
				CLANG_CXX_LANGUAGE_STANDARD = "gnu++20";
				CLANG_ENABLE_MODULES = YES;
				CLANG_ENABLE_OBJC_ARC = YES;
				CLANG_ENABLE_OBJC_WEAK = YES;
				CLANG_WARN_BLOCK_CAPTURE_AUTORELEASING = YES;
				CLANG_WARN_BOOL_CONVERSION = YES;
				CLANG_WARN_COMMA = YES;
				CLANG_WARN_CONSTANT_CONVERSION = YES;
				CLANG_WARN_DEPRECATED_OBJC_IMPLEMENTATIONS = YES;
				CLANG_WARN_DIRECT_OBJC_ISA_USAGE = YES_ERROR;
				CLANG_WARN_DOCUMENTATION_COMMENTS = YES;
				CLANG_WARN_EMPTY_BODY = YES;
				CLANG_WARN_ENUM_CONVERSION = YES;
				CLANG_WARN_INFINITE_RECURSION = YES;
				CLANG_WARN_INT_CONVERSION = YES;
				CLANG_WARN_NON_LITERAL_NULL_CONVERSION = YES;
				CLANG_WARN_OBJC_IMPLICIT_RETAIN_SELF = YES;
				CLANG_WARN_OBJC_LITERAL_CONVERSION = YES;
				CLANG_WARN_OBJC_ROOT_CLASS = YES_ERROR;
				CLANG_WARN_QUOTED_INCLUDE_IN_FRAMEWORK_HEADER = YES;
				CLANG_WARN_RANGE_LOOP_ANALYSIS = YES;
				CLANG_WARN_STRICT_PROTOTYPES = YES;
				CLANG_WARN_SUSPICIOUS_MOVE = YES;
				CLANG_WARN_UNGUARDED_AVAILABILITY = YES_AGGRESSIVE;
				CLANG_WARN_UNREACHABLE_CODE = YES;
				CLANG_WARN__DUPLICATE_METHOD_MATCH = YES;
				COPY_PHASE_STRIP = NO;
				DEBUG_INFORMATION_FORMAT = "dwarf-with-dsym";
				ENABLE_NS_ASSERTIONS = NO;
				ENABLE_STRICT_OBJC_MSGSEND = YES;
				GCC_C_LANGUAGE_STANDARD = gnu11;
				GCC_NO_COMMON_BLOCKS = YES;
				GCC_WARN_64_TO_32_BIT_CONVERSION = YES;
				GCC_WARN_ABOUT_RETURN_TYPE = YES_ERROR;
				GCC_WARN_UNDECLARED_SELECTOR = YES;
				GCC_WARN_UNINITIALIZED_AUTOS = YES_AGGRESSIVE;
				GCC_WARN_UNUSED_FUNCTION = YES;
				GCC_WARN_UNUSED_VARIABLE = YES;
				IPHONEOS_DEPLOYMENT_TARGET = 16.4;
				MTL_ENABLE_DEBUG_INFO = NO;
				MTL_FAST_MATH = YES;
				SDKROOT = iphoneos;
				SWIFT_COMPILATION_MODE = wholemodule;
				SWIFT_OPTIMIZATION_LEVEL = "-O";
				VALIDATE_PRODUCT = YES;
			};
			name = Release;
		};
		87F812962A4C27900067145D /* Debug */ = {
			isa = XCBuildConfiguration;
			baseConfigurationReference = 7AC025A67CB67E2934301046 /* Pods-CoinProject.debug.xcconfig */;
			buildSettings = {
				ASSETCATALOG_COMPILER_APPICON_NAME = AppIcon;
				ASSETCATALOG_COMPILER_GLOBAL_ACCENT_COLOR_NAME = AccentColor;
				CODE_SIGN_STYLE = Automatic;
				CURRENT_PROJECT_VERSION = 1;
				DEVELOPMENT_TEAM = 5G765Q66DY;
				GENERATE_INFOPLIST_FILE = YES;
				INFOPLIST_FILE = CoinProject/Info.plist;
				INFOPLIST_KEY_UIApplicationSupportsIndirectInputEvents = YES;
				INFOPLIST_KEY_UILaunchStoryboardName = LaunchScreen;
				INFOPLIST_KEY_UIMainStoryboardFile = Main;
				INFOPLIST_KEY_UISupportedInterfaceOrientations_iPad = "UIInterfaceOrientationPortrait UIInterfaceOrientationPortraitUpsideDown UIInterfaceOrientationLandscapeLeft UIInterfaceOrientationLandscapeRight";
				INFOPLIST_KEY_UISupportedInterfaceOrientations_iPhone = "UIInterfaceOrientationPortrait UIInterfaceOrientationLandscapeLeft UIInterfaceOrientationLandscapeRight";
				IPHONEOS_DEPLOYMENT_TARGET = 16.0;
				LD_RUNPATH_SEARCH_PATHS = (
					"$(inherited)",
					"@executable_path/Frameworks",
				);
				MARKETING_VERSION = 1.0;
				PRODUCT_BUNDLE_IDENTIFIER = com.yuwen.CoinProject;
				PRODUCT_NAME = "$(TARGET_NAME)";
				SWIFT_EMIT_LOC_STRINGS = YES;
				SWIFT_VERSION = 5.0;
				TARGETED_DEVICE_FAMILY = "1,2";
			};
			name = Debug;
		};
		87F812972A4C27900067145D /* Release */ = {
			isa = XCBuildConfiguration;
			baseConfigurationReference = D5A6691D04FEDCE19E98F61B /* Pods-CoinProject.release.xcconfig */;
			buildSettings = {
				ASSETCATALOG_COMPILER_APPICON_NAME = AppIcon;
				ASSETCATALOG_COMPILER_GLOBAL_ACCENT_COLOR_NAME = AccentColor;
				CODE_SIGN_STYLE = Automatic;
				CURRENT_PROJECT_VERSION = 1;
				DEVELOPMENT_TEAM = 5G765Q66DY;
				GENERATE_INFOPLIST_FILE = YES;
				INFOPLIST_FILE = CoinProject/Info.plist;
				INFOPLIST_KEY_UIApplicationSupportsIndirectInputEvents = YES;
				INFOPLIST_KEY_UILaunchStoryboardName = LaunchScreen;
				INFOPLIST_KEY_UIMainStoryboardFile = Main;
				INFOPLIST_KEY_UISupportedInterfaceOrientations_iPad = "UIInterfaceOrientationPortrait UIInterfaceOrientationPortraitUpsideDown UIInterfaceOrientationLandscapeLeft UIInterfaceOrientationLandscapeRight";
				INFOPLIST_KEY_UISupportedInterfaceOrientations_iPhone = "UIInterfaceOrientationPortrait UIInterfaceOrientationLandscapeLeft UIInterfaceOrientationLandscapeRight";
				IPHONEOS_DEPLOYMENT_TARGET = 16.0;
				LD_RUNPATH_SEARCH_PATHS = (
					"$(inherited)",
					"@executable_path/Frameworks",
				);
				MARKETING_VERSION = 1.0;
				PRODUCT_BUNDLE_IDENTIFIER = com.yuwen.CoinProject;
				PRODUCT_NAME = "$(TARGET_NAME)";
				SWIFT_EMIT_LOC_STRINGS = YES;
				SWIFT_VERSION = 5.0;
				TARGETED_DEVICE_FAMILY = "1,2";
			};
			name = Release;
		};
/* End XCBuildConfiguration section */

/* Begin XCConfigurationList section */
		87F812792A4C278D0067145D /* Build configuration list for PBXProject "CoinProject" */ = {
			isa = XCConfigurationList;
			buildConfigurations = (
				87F812932A4C27900067145D /* Debug */,
				87F812942A4C27900067145D /* Release */,
			);
			defaultConfigurationIsVisible = 0;
			defaultConfigurationName = Release;
		};
		87F812952A4C27900067145D /* Build configuration list for PBXNativeTarget "CoinProject" */ = {
			isa = XCConfigurationList;
			buildConfigurations = (
				87F812962A4C27900067145D /* Debug */,
				87F812972A4C27900067145D /* Release */,
			);
			defaultConfigurationIsVisible = 0;
			defaultConfigurationName = Release;
		};
/* End XCConfigurationList section */

/* Begin XCVersionGroup section */
		87F8128A2A4C278D0067145D /* CoinProject.xcdatamodeld */ = {
			isa = XCVersionGroup;
			children = (
				87F8128B2A4C278D0067145D /* CoinProject.xcdatamodel */,
			);
			currentVersion = 87F8128B2A4C278D0067145D /* CoinProject.xcdatamodel */;
			path = CoinProject.xcdatamodeld;
			sourceTree = "<group>";
			versionGroupType = wrapper.xcdatamodel;
		};
/* End XCVersionGroup section */
	};
	rootObject = 87F812762A4C278D0067145D /* Project object */;
}
